
Microsoft Visual Studio Solution File, Format Version 12.00
# Visual Studio Version 17
VisualStudioVersion = 17.9.34607.119
MinimumVisualStudioVersion = 10.0.40219.1
Project("{2150E333-8FDC-42A3-9474-1A3956D46DE8}") = "Chapter01", "Chapter01", "{EA8E080D-3293-41E3-9EFB-0634BF183A74}"
EndProject
Project("{FAE04EC0-301F-11D3-BF4B-00C04F79EFBC}") = "ProductSample", "Chapter01\ProductSample\ProductSample.csproj", "{4DAAE2D1-4354-4A40-8A0A-054D4B659E6C}"
EndProject
Project("{FAE04EC0-301F-11D3-BF4B-00C04F79EFBC}") = "Sample_p38", "Chapter01\Sample_p38\Sample_p38.csproj", "{145F7CCE-AD8B-45E7-AA81-CB76208A8649}"
EndProject
Project("{2150E333-8FDC-42A3-9474-1A3956D46DE8}") = "Chapter02", "Chapter02", "{6090AB4E-BB44-4E49-B7B7-1CCBF2A49F8C}"
EndProject
Project("{2150E333-8FDC-42A3-9474-1A3956D46DE8}") = "距離換算プログラム", "距離換算プログラム", "{9E0D9E75-AAB7-49B7-8996-DD5F58AEACAB}"
EndProject
Project("{FAE04EC0-301F-11D3-BF4B-00C04F79EFBC}") = "DistanceConverter", "Chapter02\DistanceConverter\DistanceConverter.csproj", "{F1F0AA04-045C-4C62-8EB0-A40AACBDC6A6}"
EndProject
Project("{2150E333-8FDC-42A3-9474-1A3956D46DE8}") = "売上集計プログラム", "売上集計プログラム", "{D3665DEF-F87D-470F-A1B1-F6FC97847C5F}"
EndProject
Project("{FAE04EC0-301F-11D3-BF4B-00C04F79EFBC}") = "SalesCounter", "Chapter02\SalesCounter\SalesCounter.csproj", "{6542ACF9-9D90-4D6F-9BE5-A651EA51FB0B}"
EndProject
Project("{2150E333-8FDC-42A3-9474-1A3956D46DE8}") = "#演習問題", "#演習問題", "{2C8D0722-0AD1-4A84-9B92-892B258D41AE}"
EndProject
Project("{FAE04EC0-301F-11D3-BF4B-00C04F79EFBC}") = "Exercise1", "Chapter02\演習問題\Exercise1\Exercise1.csproj", "{A1FE1009-81F0-45A6-841D-A97718C6FC6B}"
EndProject
Project("{FAE04EC0-301F-11D3-BF4B-00C04F79EFBC}") = "Exercise2", "Chapter02\演習問題\Exercise2\Exercise2.csproj", "{6A853861-0096-4E27-8510-547F80216B68}"
EndProject
Project("{2150E333-8FDC-42A3-9474-1A3956D46DE8}") = "FormApps", "FormApps", "{34E07A3D-7586-4EC3-81CB-1A442B058A91}"
EndProject
Project("{9A19103F-16F7-4668-BE54-9A1E7A4F7556}") = "BallApp", "FormApps\BallApp\BallApp\BallApp.csproj", "{ABCE1B3C-57AC-42E6-A5F1-5B5A831A1C5F}"
EndProject
Project("{2150E333-8FDC-42A3-9474-1A3956D46DE8}") = "Chapter03", "Chapter03", "{27F4C42A-E0D9-46D3-83C8-CDA11DC3421C}"
EndProject
Project("{FAE04EC0-301F-11D3-BF4B-00C04F79EFBC}") = "Program", "Chapter03\Program\Program.csproj", "{D629565B-6F57-405D-A8B6-2EF7EDCF996A}"
EndProject
Project("{2150E333-8FDC-42A3-9474-1A3956D46DE8}") = "演習問題", "演習問題", "{6302040D-AF4A-4445-A6AF-477ECAA5D720}"
EndProject
Project("{FAE04EC0-301F-11D3-BF4B-00C04F79EFBC}") = "Exercise01", "Chapter03\演習問題\Exercise01\Exercise01.csproj", "{BD2A7137-4916-479E-A393-F5F78720FE43}"
EndProject
Project("{FAE04EC0-301F-11D3-BF4B-00C04F79EFBC}") = "Exercise02", "Chapter03\演習問題\Exercise02\Exercise02.csproj", "{F1B91A17-CDD7-41EB-9B5C-CFD63C349AFB}"
EndProject
Project("{2150E333-8FDC-42A3-9474-1A3956D46DE8}") = "Chapter04", "Chapter04", "{95ECB356-6663-4810-8FA9-BDCB6CFAB62E}"
EndProject
Project("{FAE04EC0-301F-11D3-BF4B-00C04F79EFBC}") = "Section01", "Chapter04\Section01\Section01.csproj", "{CF724D2F-6A4A-4BEC-A372-89B3C33E631D}"
EndProject
Project("{2150E333-8FDC-42A3-9474-1A3956D46DE8}") = "演習問題", "演習問題", "{FC2CCDB4-37DC-4576-B407-A805B5E93B0E}"
EndProject
Project("{FAE04EC0-301F-11D3-BF4B-00C04F79EFBC}") = "Exercise01", "Chapter04\演習問題\Exercise01\Exercise01.csproj", "{DA7EBD44-8D88-4509-B44A-F5519362328C}"
EndProject
Project("{FAE04EC0-301F-11D3-BF4B-00C04F79EFBC}") = "Exercise02", "Chapter04\演習問題\Exercise02\Exercise02.csproj", "{EC2BB037-4255-4303-8D87-E0C799E4ABB0}"
EndProject
Project("{2150E333-8FDC-42A3-9474-1A3956D46DE8}") = "Chapter05", "Chapter05", "{2AF1E620-B7DC-44F1-BCA5-384D55C8C760}"
EndProject
Project("{2150E333-8FDC-42A3-9474-1A3956D46DE8}") = "演習問題", "演習問題", "{D913A007-84F6-4BF9-849D-6D61E61CBD68}"
EndProject
Project("{FAE04EC0-301F-11D3-BF4B-00C04F79EFBC}") = "Exercise01", "Chapter05\演習問題\Exercise01\Exercise01.csproj", "{8CF60BD5-9452-4534-BC2A-DD19EDF7B1EA}"
EndProject
Project("{FAE04EC0-301F-11D3-BF4B-00C04F79EFBC}") = "Exercise02", "Chapter05\演習問題\Exercise02\Exercise02.csproj", "{2F4ADF61-278E-4B4D-8DA5-AE39AEE03551}"
EndProject
Project("{FAE04EC0-301F-11D3-BF4B-00C04F79EFBC}") = "Exercise03", "Chapter05\演習問題\Exercise03\Exercise03.csproj", "{FEE1857A-B3C6-4154-9D98-A5887FC640E2}"
EndProject
Project("{FAE04EC0-301F-11D3-BF4B-00C04F79EFBC}") = "Exercise04", "Chapter05\演習問題\Exercise04\Exercise04.csproj", "{7A0F6D94-E2D2-45DC-B3AD-28FE49C28CAC}"
EndProject
Project("{2150E333-8FDC-42A3-9474-1A3956D46DE8}") = "Chapter06", "Chapter06", "{482616B1-D092-47BA-BDC8-D2EED5B63325}"
EndProject
Project("{FAE04EC0-301F-11D3-BF4B-00C04F79EFBC}") = "Section01", "Chapter06\Section01\Section01.csproj", "{0B81C3AC-805A-4272-A607-E0F91A58C6BE}"
EndProject
Project("{2150E333-8FDC-42A3-9474-1A3956D46DE8}") = "演習問題", "演習問題", "{299AE4C6-5E20-4585-941E-8BC433F6AC2D}"
EndProject
Project("{FAE04EC0-301F-11D3-BF4B-00C04F79EFBC}") = "Exercise01", "Chapter06\演習問題\Exercise01\Exercise01.csproj", "{ADFED99D-D202-4905-BE48-50723EDF0071}"
EndProject
Project("{FAE04EC0-301F-11D3-BF4B-00C04F79EFBC}") = "Exercise02", "Chapter06\演習問題\Exercise02\Exercise02.csproj", "{32275624-F401-42F2-8810-A8E0BD18B66E}"
EndProject
Project("{2150E333-8FDC-42A3-9474-1A3956D46DE8}") = "Chapter07", "Chapter07", "{4FB646C0-BBA5-4FB8-B5A3-A55D643FF996}"
EndProject
Project("{FAE04EC0-301F-11D3-BF4B-00C04F79EFBC}") = "Section01", "Chapter07\Section01\Section01.csproj", "{2EA1AF56-8120-4894-BF7F-053E6750AC2B}"
EndProject
Project("{FAE04EC0-301F-11D3-BF4B-00C04F79EFBC}") = "amari", "Chapter07\amari\amari.csproj", "{1C92445F-BEF9-40B6-84AE-5DF6DEB2EB5C}"
EndProject
Project("{FAE04EC0-301F-11D3-BF4B-00C04F79EFBC}") = "Section02", "Chapter07\Section02\Section02.csproj", "{4A69C6E0-1BB4-439A-AECC-A7C34D8F21DD}"
EndProject
Project("{2150E333-8FDC-42A3-9474-1A3956D46DE8}") = "Test206", "Test206", "{896DB5D2-1223-467A-9021-D25C7E9E84D1}"
EndProject
Project("{FAE04EC0-301F-11D3-BF4B-00C04F79EFBC}") = "Test01", "TestProject\Test01\Test01.csproj", "{2BFACDC3-F44D-4199-8498-F5C3C4AC0335}"
EndProject
Project("{FAE04EC0-301F-11D3-BF4B-00C04F79EFBC}") = "Section03", "Chapter07\Section03\Section03.csproj", "{F349D945-982B-4A1C-A862-B99666061A55}"
EndProject
Project("{FAE04EC0-301F-11D3-BF4B-00C04F79EFBC}") = "Section04", "Chapter07\Section04\Section04.csproj", "{213723C1-8525-48AB-9580-ACE7A7BBBB5B}"
EndProject
Project("{2150E333-8FDC-42A3-9474-1A3956D46DE8}") = "Chapter08", "Chapter08", "{2423A034-755E-430E-8C00-7CA2B43CBAE7}"
EndProject
Project("{FAE04EC0-301F-11D3-BF4B-00C04F79EFBC}") = "Section01", "Chapter08\Section01\Section01.csproj", "{AE6B42F9-734F-4B39-9AA3-839DD419800B}"
EndProject
Project("{9A19103F-16F7-4668-BE54-9A1E7A4F7556}") = "DateTimeApp", "FormApps\DateTimeApp\DateTimeApp.csproj", "{57318CE0-8957-4376-B08C-D45BF0716E76}"
EndProject
Project("{2150E333-8FDC-42A3-9474-1A3956D46DE8}") = "演習問題", "演習問題", "{EEE76BA7-DBCB-4BFB-AD6B-BE0865EDAB57}"
EndProject
Project("{9A19103F-16F7-4668-BE54-9A1E7A4F7556}") = "Exercise01", "Chapter08\演習問題\Exercise01\Exercise01.csproj", "{8D60FEEC-9119-4890-8E2D-9A2AE9236873}"
EndProject
Project("{9A19103F-16F7-4668-BE54-9A1E7A4F7556}") = "CarReportSystem", "FormApps\CarReportSystem\CarReportSystem.csproj", "{4B12783B-A6B5-4529-B1F9-1442A3E60EF0}"
EndProject
Project("{2150E333-8FDC-42A3-9474-1A3956D46DE8}") = "Test2407", "Test2407", "{743AD6EB-FE02-4649-95D3-85133AA06F87}"
EndProject
Project("{FAE04EC0-301F-11D3-BF4B-00C04F79EFBC}") = "Test02", "TestProject\Test02_01\Test02.csproj", "{9629460F-6875-4F78-AFFB-A5FD0F63E783}"
EndProject
Project("{FAE04EC0-301F-11D3-BF4B-00C04F79EFBC}") = "Test02_1", "TestProject\Test02\Test02_1.csproj", "{E461C0A8-8900-485C-B520-E929BA33F712}"
EndProject
Project("{2150E333-8FDC-42A3-9474-1A3956D46DE8}") = "Chapter11", "Chapter11", "{474E20BA-B596-4D34-B00F-D2B81A313096}"
EndProject
Project("{FAE04EC0-301F-11D3-BF4B-00C04F79EFBC}") = "Section01", "Chapter11\Section01\Section01.csproj", "{471AA084-D58E-4A0B-AEE0-930320252B2F}"
EndProject
Project("{2150E333-8FDC-42A3-9474-1A3956D46DE8}") = "演習問題", "演習問題", "{FD4636F8-F9C6-49FB-95EF-6C384629A7D9}"
EndProject
Project("{FAE04EC0-301F-11D3-BF4B-00C04F79EFBC}") = "Exericise01", "Chapter11\演習問題\Exericise01\Exericise01.csproj", "{432C1687-01C1-4B14-AA19-D37ECE450EE5}"
EndProject
Project("{FAE04EC0-301F-11D3-BF4B-00C04F79EFBC}") = "Section02", "Chapter11\Section02\Section02.csproj", "{16C06EA8-AE98-4757-832E-81520BA327DD}"
EndProject
Project("{2150E333-8FDC-42A3-9474-1A3956D46DE8}") = "Chapter12", "Chapter12", "{2839EB22-FB95-48F5-91AD-5E913349D044}"
EndProject
Project("{FAE04EC0-301F-11D3-BF4B-00C04F79EFBC}") = "Section01", "Chapter12\Chapter12\Section01\Section01.csproj", "{44E87042-8756-4DC5-94EE-3487497F5FE0}"
EndProject
Project("{FAE04EC0-301F-11D3-BF4B-00C04F79EFBC}") = "Section02", "Chapter12\Chapter12\Section02\Section02.csproj", "{48D66483-4793-43F3-91D5-040A1C9E0DDC}"
EndProject
Project("{FAE04EC0-301F-11D3-BF4B-00C04F79EFBC}") = "Exercise01", "Chapter12\Chapter12\演習問題\Exercise01\Exercise01.csproj", "{8D661F5D-1314-44D2-9986-05C37FF5012B}"
EndProject
Project("{FAE04EC0-301F-11D3-BF4B-00C04F79EFBC}") = "RssReader", "FormApps\RssReader\RssReader.csproj", "{2B3606FD-2F8A-4B66-8C2C-F13089156ED8}"
EndProject
Project("{2150E333-8FDC-42A3-9474-1A3956D46DE8}") = "Chapter13", "Chapter13", "{7ABA99D7-34FC-49B9-98B8-147F5619515C}"
EndProject
Project("{FAE04EC0-301F-11D3-BF4B-00C04F79EFBC}") = "SampleEntityFramework", "Chapter13\SampleEntityFramework\SampleEntityFramework.csproj", "{809E59CA-4773-408E-BD3F-7620CFA43F98}"
EndProject
Project("{FAE04EC0-301F-11D3-BF4B-00C04F79EFBC}") = "ADOSample", "FormApps\ADOSample\ADOSample.csproj", "{CF7927DF-F303-4FD1-9716-7CBEC054E504}"
EndProject
Project("{2150E333-8FDC-42A3-9474-1A3956D46DE8}") = "Chapter15", "Chapter15", "{F0D7C1FE-9C5F-4FB6-90E7-C47F5825C75F}"
EndProject
Project("{FAE04EC0-301F-11D3-BF4B-00C04F79EFBC}") = "Section01", "Chapter15\Section01\Section01.csproj", "{9400D8FC-D8FD-4C7A-AE3E-64123B1AE5CD}"
EndProject
Project("{2150E333-8FDC-42A3-9474-1A3956D46DE8}") = "演習問題", "演習問題", "{F9914E73-B6DD-4B57-ABD4-28BA01948EE7}"
EndProject
Project("{FAE04EC0-301F-11D3-BF4B-00C04F79EFBC}") = "Exercise01", "Chapter15\演習問題\Exercise01\Exercise01.csproj", "{B1FB59C1-198B-44A6-B145-32A433AF0D03}"
EndProject
Project("{2150E333-8FDC-42A3-9474-1A3956D46DE8}") = "Chapter16", "Chapter16", "{4B90F240-C1FD-4078-A5B7-20E866E13C3D}"
EndProject
Project("{FAE04EC0-301F-11D3-BF4B-00C04F79EFBC}") = "Section03", "Chapter16\Section03\Section03.csproj", "{B050D1B9-BEBD-4AF5-BF3D-13B0C573294F}"
EndProject
Project("{FAE04EC0-301F-11D3-BF4B-00C04F79EFBC}") = "Section04", "Chapter16\Section04\Section04.csproj", "{315B08DF-49A3-4706-B14B-3CD5485B0311}"
EndProject
Project("{2150E333-8FDC-42A3-9474-1A3956D46DE8}") = "Chapter17", "Chapter17", "{D7D9ECE3-08EE-4478-8C5C-F803DB04D30D}"
EndProject
Project("{FAE04EC0-301F-11D3-BF4B-00C04F79EFBC}") = "Section01", "Chapter17\Section01\Section01.csproj", "{81E54BC0-2DE6-43F4-8BED-3F1F3C318CB9}"
EndProject
Project("{FAE04EC0-301F-11D3-BF4B-00C04F79EFBC}") = "Section02", "Chapter17\Section02\Section02.csproj", "{0A42BDA6-1A71-421F-B4C8-C33F8B91BEA7}"
EndProject
Project("{2150E333-8FDC-42A3-9474-1A3956D46DE8}") = "TemplateMethod", "TemplateMethod", "{82E16257-38B0-4240-AE4A-493AD32AACA2}"
EndProject
Project("{2150E333-8FDC-42A3-9474-1A3956D46DE8}") = "Strategy", "Strategy", "{7FBC5D5E-E9F0-4771-8001-4AD4BE55713A}"
EndProject
Project("{FAE04EC0-301F-11D3-BF4B-00C04F79EFBC}") = "DistanceConverter", "Chapter17\Strategy\DistanceConverter\DistanceConverter.csproj", "{08A9748B-B2FF-4686-B56A-2DE6979FC0E0}"
EndProject
Project("{FAE04EC0-301F-11D3-BF4B-00C04F79EFBC}") = "LineCounter", "Chapter17\Strategy\TemplateMethod\LineCounter\LineCounter.csproj", "{99CC542E-5995-4484-B61A-8B04E95A089E}"
EndProject
Project("{FAE04EC0-301F-11D3-BF4B-00C04F79EFBC}") = "TextFileProcessor", "Chapter17\Strategy\TemplateMethod\TextFileProcessor\TextFileProcessor.csproj", "{05E25068-3CEF-42C8-BEA3-B028AA035FE0}"
EndProject
Project("{FAE04EC0-301F-11D3-BF4B-00C04F79EFBC}") = "TextNumberSizeChange", "Chapter17\LineCounter\TextNumberSizeChange.csproj", "{522EF334-CD32-4507-BAED-FF71285D606A}"
EndProject
Global
	GlobalSection(SolutionConfigurationPlatforms) = preSolution
		Debug|Any CPU = Debug|Any CPU
		Release|Any CPU = Release|Any CPU
	EndGlobalSection
	GlobalSection(ProjectConfigurationPlatforms) = postSolution
		{4DAAE2D1-4354-4A40-8A0A-054D4B659E6C}.Debug|Any CPU.ActiveCfg = Debug|Any CPU
		{4DAAE2D1-4354-4A40-8A0A-054D4B659E6C}.Debug|Any CPU.Build.0 = Debug|Any CPU
		{4DAAE2D1-4354-4A40-8A0A-054D4B659E6C}.Release|Any CPU.ActiveCfg = Release|Any CPU
		{4DAAE2D1-4354-4A40-8A0A-054D4B659E6C}.Release|Any CPU.Build.0 = Release|Any CPU
		{145F7CCE-AD8B-45E7-AA81-CB76208A8649}.Debug|Any CPU.ActiveCfg = Debug|Any CPU
		{145F7CCE-AD8B-45E7-AA81-CB76208A8649}.Debug|Any CPU.Build.0 = Debug|Any CPU
		{145F7CCE-AD8B-45E7-AA81-CB76208A8649}.Release|Any CPU.ActiveCfg = Release|Any CPU
		{145F7CCE-AD8B-45E7-AA81-CB76208A8649}.Release|Any CPU.Build.0 = Release|Any CPU
		{F1F0AA04-045C-4C62-8EB0-A40AACBDC6A6}.Debug|Any CPU.ActiveCfg = Debug|Any CPU
		{F1F0AA04-045C-4C62-8EB0-A40AACBDC6A6}.Debug|Any CPU.Build.0 = Debug|Any CPU
		{F1F0AA04-045C-4C62-8EB0-A40AACBDC6A6}.Release|Any CPU.ActiveCfg = Release|Any CPU
		{F1F0AA04-045C-4C62-8EB0-A40AACBDC6A6}.Release|Any CPU.Build.0 = Release|Any CPU
		{6542ACF9-9D90-4D6F-9BE5-A651EA51FB0B}.Debug|Any CPU.ActiveCfg = Debug|Any CPU
		{6542ACF9-9D90-4D6F-9BE5-A651EA51FB0B}.Debug|Any CPU.Build.0 = Debug|Any CPU
		{6542ACF9-9D90-4D6F-9BE5-A651EA51FB0B}.Release|Any CPU.ActiveCfg = Release|Any CPU
		{6542ACF9-9D90-4D6F-9BE5-A651EA51FB0B}.Release|Any CPU.Build.0 = Release|Any CPU
		{A1FE1009-81F0-45A6-841D-A97718C6FC6B}.Debug|Any CPU.ActiveCfg = Debug|Any CPU
		{A1FE1009-81F0-45A6-841D-A97718C6FC6B}.Debug|Any CPU.Build.0 = Debug|Any CPU
		{A1FE1009-81F0-45A6-841D-A97718C6FC6B}.Release|Any CPU.ActiveCfg = Release|Any CPU
		{A1FE1009-81F0-45A6-841D-A97718C6FC6B}.Release|Any CPU.Build.0 = Release|Any CPU
		{6A853861-0096-4E27-8510-547F80216B68}.Debug|Any CPU.ActiveCfg = Debug|Any CPU
		{6A853861-0096-4E27-8510-547F80216B68}.Debug|Any CPU.Build.0 = Debug|Any CPU
		{6A853861-0096-4E27-8510-547F80216B68}.Release|Any CPU.ActiveCfg = Release|Any CPU
		{6A853861-0096-4E27-8510-547F80216B68}.Release|Any CPU.Build.0 = Release|Any CPU
		{ABCE1B3C-57AC-42E6-A5F1-5B5A831A1C5F}.Debug|Any CPU.ActiveCfg = Debug|Any CPU
		{ABCE1B3C-57AC-42E6-A5F1-5B5A831A1C5F}.Debug|Any CPU.Build.0 = Debug|Any CPU
		{ABCE1B3C-57AC-42E6-A5F1-5B5A831A1C5F}.Release|Any CPU.ActiveCfg = Release|Any CPU
		{ABCE1B3C-57AC-42E6-A5F1-5B5A831A1C5F}.Release|Any CPU.Build.0 = Release|Any CPU
		{D629565B-6F57-405D-A8B6-2EF7EDCF996A}.Debug|Any CPU.ActiveCfg = Debug|Any CPU
		{D629565B-6F57-405D-A8B6-2EF7EDCF996A}.Debug|Any CPU.Build.0 = Debug|Any CPU
		{D629565B-6F57-405D-A8B6-2EF7EDCF996A}.Release|Any CPU.ActiveCfg = Release|Any CPU
		{D629565B-6F57-405D-A8B6-2EF7EDCF996A}.Release|Any CPU.Build.0 = Release|Any CPU
		{BD2A7137-4916-479E-A393-F5F78720FE43}.Debug|Any CPU.ActiveCfg = Debug|Any CPU
		{BD2A7137-4916-479E-A393-F5F78720FE43}.Debug|Any CPU.Build.0 = Debug|Any CPU
		{BD2A7137-4916-479E-A393-F5F78720FE43}.Release|Any CPU.ActiveCfg = Release|Any CPU
		{BD2A7137-4916-479E-A393-F5F78720FE43}.Release|Any CPU.Build.0 = Release|Any CPU
		{F1B91A17-CDD7-41EB-9B5C-CFD63C349AFB}.Debug|Any CPU.ActiveCfg = Debug|Any CPU
		{F1B91A17-CDD7-41EB-9B5C-CFD63C349AFB}.Debug|Any CPU.Build.0 = Debug|Any CPU
		{F1B91A17-CDD7-41EB-9B5C-CFD63C349AFB}.Release|Any CPU.ActiveCfg = Release|Any CPU
		{F1B91A17-CDD7-41EB-9B5C-CFD63C349AFB}.Release|Any CPU.Build.0 = Release|Any CPU
		{CF724D2F-6A4A-4BEC-A372-89B3C33E631D}.Debug|Any CPU.ActiveCfg = Debug|Any CPU
		{CF724D2F-6A4A-4BEC-A372-89B3C33E631D}.Debug|Any CPU.Build.0 = Debug|Any CPU
		{CF724D2F-6A4A-4BEC-A372-89B3C33E631D}.Release|Any CPU.ActiveCfg = Release|Any CPU
		{CF724D2F-6A4A-4BEC-A372-89B3C33E631D}.Release|Any CPU.Build.0 = Release|Any CPU
		{DA7EBD44-8D88-4509-B44A-F5519362328C}.Debug|Any CPU.ActiveCfg = Debug|Any CPU
		{DA7EBD44-8D88-4509-B44A-F5519362328C}.Debug|Any CPU.Build.0 = Debug|Any CPU
		{DA7EBD44-8D88-4509-B44A-F5519362328C}.Release|Any CPU.ActiveCfg = Release|Any CPU
		{DA7EBD44-8D88-4509-B44A-F5519362328C}.Release|Any CPU.Build.0 = Release|Any CPU
		{EC2BB037-4255-4303-8D87-E0C799E4ABB0}.Debug|Any CPU.ActiveCfg = Debug|Any CPU
		{EC2BB037-4255-4303-8D87-E0C799E4ABB0}.Debug|Any CPU.Build.0 = Debug|Any CPU
		{EC2BB037-4255-4303-8D87-E0C799E4ABB0}.Release|Any CPU.ActiveCfg = Release|Any CPU
		{EC2BB037-4255-4303-8D87-E0C799E4ABB0}.Release|Any CPU.Build.0 = Release|Any CPU
		{8CF60BD5-9452-4534-BC2A-DD19EDF7B1EA}.Debug|Any CPU.ActiveCfg = Debug|Any CPU
		{8CF60BD5-9452-4534-BC2A-DD19EDF7B1EA}.Debug|Any CPU.Build.0 = Debug|Any CPU
		{8CF60BD5-9452-4534-BC2A-DD19EDF7B1EA}.Release|Any CPU.ActiveCfg = Release|Any CPU
		{8CF60BD5-9452-4534-BC2A-DD19EDF7B1EA}.Release|Any CPU.Build.0 = Release|Any CPU
		{2F4ADF61-278E-4B4D-8DA5-AE39AEE03551}.Debug|Any CPU.ActiveCfg = Debug|Any CPU
		{2F4ADF61-278E-4B4D-8DA5-AE39AEE03551}.Debug|Any CPU.Build.0 = Debug|Any CPU
		{2F4ADF61-278E-4B4D-8DA5-AE39AEE03551}.Release|Any CPU.ActiveCfg = Release|Any CPU
		{2F4ADF61-278E-4B4D-8DA5-AE39AEE03551}.Release|Any CPU.Build.0 = Release|Any CPU
		{FEE1857A-B3C6-4154-9D98-A5887FC640E2}.Debug|Any CPU.ActiveCfg = Debug|Any CPU
		{FEE1857A-B3C6-4154-9D98-A5887FC640E2}.Debug|Any CPU.Build.0 = Debug|Any CPU
		{FEE1857A-B3C6-4154-9D98-A5887FC640E2}.Release|Any CPU.ActiveCfg = Release|Any CPU
		{FEE1857A-B3C6-4154-9D98-A5887FC640E2}.Release|Any CPU.Build.0 = Release|Any CPU
		{7A0F6D94-E2D2-45DC-B3AD-28FE49C28CAC}.Debug|Any CPU.ActiveCfg = Debug|Any CPU
		{7A0F6D94-E2D2-45DC-B3AD-28FE49C28CAC}.Debug|Any CPU.Build.0 = Debug|Any CPU
		{7A0F6D94-E2D2-45DC-B3AD-28FE49C28CAC}.Release|Any CPU.ActiveCfg = Release|Any CPU
		{7A0F6D94-E2D2-45DC-B3AD-28FE49C28CAC}.Release|Any CPU.Build.0 = Release|Any CPU
		{0B81C3AC-805A-4272-A607-E0F91A58C6BE}.Debug|Any CPU.ActiveCfg = Debug|Any CPU
		{0B81C3AC-805A-4272-A607-E0F91A58C6BE}.Debug|Any CPU.Build.0 = Debug|Any CPU
		{0B81C3AC-805A-4272-A607-E0F91A58C6BE}.Release|Any CPU.ActiveCfg = Release|Any CPU
		{0B81C3AC-805A-4272-A607-E0F91A58C6BE}.Release|Any CPU.Build.0 = Release|Any CPU
		{ADFED99D-D202-4905-BE48-50723EDF0071}.Debug|Any CPU.ActiveCfg = Debug|Any CPU
		{ADFED99D-D202-4905-BE48-50723EDF0071}.Debug|Any CPU.Build.0 = Debug|Any CPU
		{ADFED99D-D202-4905-BE48-50723EDF0071}.Release|Any CPU.ActiveCfg = Release|Any CPU
		{ADFED99D-D202-4905-BE48-50723EDF0071}.Release|Any CPU.Build.0 = Release|Any CPU
		{32275624-F401-42F2-8810-A8E0BD18B66E}.Debug|Any CPU.ActiveCfg = Debug|Any CPU
		{32275624-F401-42F2-8810-A8E0BD18B66E}.Debug|Any CPU.Build.0 = Debug|Any CPU
		{32275624-F401-42F2-8810-A8E0BD18B66E}.Release|Any CPU.ActiveCfg = Release|Any CPU
		{32275624-F401-42F2-8810-A8E0BD18B66E}.Release|Any CPU.Build.0 = Release|Any CPU
		{2EA1AF56-8120-4894-BF7F-053E6750AC2B}.Debug|Any CPU.ActiveCfg = Debug|Any CPU
		{2EA1AF56-8120-4894-BF7F-053E6750AC2B}.Debug|Any CPU.Build.0 = Debug|Any CPU
		{2EA1AF56-8120-4894-BF7F-053E6750AC2B}.Release|Any CPU.ActiveCfg = Release|Any CPU
		{2EA1AF56-8120-4894-BF7F-053E6750AC2B}.Release|Any CPU.Build.0 = Release|Any CPU
		{1C92445F-BEF9-40B6-84AE-5DF6DEB2EB5C}.Debug|Any CPU.ActiveCfg = Debug|Any CPU
		{1C92445F-BEF9-40B6-84AE-5DF6DEB2EB5C}.Debug|Any CPU.Build.0 = Debug|Any CPU
		{1C92445F-BEF9-40B6-84AE-5DF6DEB2EB5C}.Release|Any CPU.ActiveCfg = Release|Any CPU
		{1C92445F-BEF9-40B6-84AE-5DF6DEB2EB5C}.Release|Any CPU.Build.0 = Release|Any CPU
		{4A69C6E0-1BB4-439A-AECC-A7C34D8F21DD}.Debug|Any CPU.ActiveCfg = Debug|Any CPU
		{4A69C6E0-1BB4-439A-AECC-A7C34D8F21DD}.Debug|Any CPU.Build.0 = Debug|Any CPU
		{4A69C6E0-1BB4-439A-AECC-A7C34D8F21DD}.Release|Any CPU.ActiveCfg = Release|Any CPU
		{4A69C6E0-1BB4-439A-AECC-A7C34D8F21DD}.Release|Any CPU.Build.0 = Release|Any CPU
		{2BFACDC3-F44D-4199-8498-F5C3C4AC0335}.Debug|Any CPU.ActiveCfg = Debug|Any CPU
		{2BFACDC3-F44D-4199-8498-F5C3C4AC0335}.Debug|Any CPU.Build.0 = Debug|Any CPU
		{2BFACDC3-F44D-4199-8498-F5C3C4AC0335}.Release|Any CPU.ActiveCfg = Release|Any CPU
		{2BFACDC3-F44D-4199-8498-F5C3C4AC0335}.Release|Any CPU.Build.0 = Release|Any CPU
		{F349D945-982B-4A1C-A862-B99666061A55}.Debug|Any CPU.ActiveCfg = Debug|Any CPU
		{F349D945-982B-4A1C-A862-B99666061A55}.Debug|Any CPU.Build.0 = Debug|Any CPU
		{F349D945-982B-4A1C-A862-B99666061A55}.Release|Any CPU.ActiveCfg = Release|Any CPU
		{F349D945-982B-4A1C-A862-B99666061A55}.Release|Any CPU.Build.0 = Release|Any CPU
		{213723C1-8525-48AB-9580-ACE7A7BBBB5B}.Debug|Any CPU.ActiveCfg = Debug|Any CPU
		{213723C1-8525-48AB-9580-ACE7A7BBBB5B}.Debug|Any CPU.Build.0 = Debug|Any CPU
		{213723C1-8525-48AB-9580-ACE7A7BBBB5B}.Release|Any CPU.ActiveCfg = Release|Any CPU
		{213723C1-8525-48AB-9580-ACE7A7BBBB5B}.Release|Any CPU.Build.0 = Release|Any CPU
		{AE6B42F9-734F-4B39-9AA3-839DD419800B}.Debug|Any CPU.ActiveCfg = Debug|Any CPU
		{AE6B42F9-734F-4B39-9AA3-839DD419800B}.Debug|Any CPU.Build.0 = Debug|Any CPU
		{AE6B42F9-734F-4B39-9AA3-839DD419800B}.Release|Any CPU.ActiveCfg = Release|Any CPU
		{AE6B42F9-734F-4B39-9AA3-839DD419800B}.Release|Any CPU.Build.0 = Release|Any CPU
		{57318CE0-8957-4376-B08C-D45BF0716E76}.Debug|Any CPU.ActiveCfg = Debug|Any CPU
		{57318CE0-8957-4376-B08C-D45BF0716E76}.Debug|Any CPU.Build.0 = Debug|Any CPU
		{57318CE0-8957-4376-B08C-D45BF0716E76}.Release|Any CPU.ActiveCfg = Release|Any CPU
		{57318CE0-8957-4376-B08C-D45BF0716E76}.Release|Any CPU.Build.0 = Release|Any CPU
		{8D60FEEC-9119-4890-8E2D-9A2AE9236873}.Debug|Any CPU.ActiveCfg = Debug|Any CPU
		{8D60FEEC-9119-4890-8E2D-9A2AE9236873}.Debug|Any CPU.Build.0 = Debug|Any CPU
		{8D60FEEC-9119-4890-8E2D-9A2AE9236873}.Release|Any CPU.ActiveCfg = Release|Any CPU
		{8D60FEEC-9119-4890-8E2D-9A2AE9236873}.Release|Any CPU.Build.0 = Release|Any CPU
		{4B12783B-A6B5-4529-B1F9-1442A3E60EF0}.Debug|Any CPU.ActiveCfg = Debug|Any CPU
		{4B12783B-A6B5-4529-B1F9-1442A3E60EF0}.Debug|Any CPU.Build.0 = Debug|Any CPU
		{4B12783B-A6B5-4529-B1F9-1442A3E60EF0}.Release|Any CPU.ActiveCfg = Release|Any CPU
		{4B12783B-A6B5-4529-B1F9-1442A3E60EF0}.Release|Any CPU.Build.0 = Release|Any CPU
		{9629460F-6875-4F78-AFFB-A5FD0F63E783}.Debug|Any CPU.ActiveCfg = Debug|Any CPU
		{9629460F-6875-4F78-AFFB-A5FD0F63E783}.Debug|Any CPU.Build.0 = Debug|Any CPU
		{9629460F-6875-4F78-AFFB-A5FD0F63E783}.Release|Any CPU.ActiveCfg = Release|Any CPU
		{9629460F-6875-4F78-AFFB-A5FD0F63E783}.Release|Any CPU.Build.0 = Release|Any CPU
		{E461C0A8-8900-485C-B520-E929BA33F712}.Debug|Any CPU.ActiveCfg = Debug|Any CPU
		{E461C0A8-8900-485C-B520-E929BA33F712}.Debug|Any CPU.Build.0 = Debug|Any CPU
		{E461C0A8-8900-485C-B520-E929BA33F712}.Release|Any CPU.ActiveCfg = Release|Any CPU
		{E461C0A8-8900-485C-B520-E929BA33F712}.Release|Any CPU.Build.0 = Release|Any CPU
		{471AA084-D58E-4A0B-AEE0-930320252B2F}.Debug|Any CPU.ActiveCfg = Debug|Any CPU
		{471AA084-D58E-4A0B-AEE0-930320252B2F}.Debug|Any CPU.Build.0 = Debug|Any CPU
		{471AA084-D58E-4A0B-AEE0-930320252B2F}.Release|Any CPU.ActiveCfg = Release|Any CPU
		{471AA084-D58E-4A0B-AEE0-930320252B2F}.Release|Any CPU.Build.0 = Release|Any CPU
		{432C1687-01C1-4B14-AA19-D37ECE450EE5}.Debug|Any CPU.ActiveCfg = Debug|Any CPU
		{432C1687-01C1-4B14-AA19-D37ECE450EE5}.Debug|Any CPU.Build.0 = Debug|Any CPU
		{432C1687-01C1-4B14-AA19-D37ECE450EE5}.Release|Any CPU.ActiveCfg = Release|Any CPU
		{432C1687-01C1-4B14-AA19-D37ECE450EE5}.Release|Any CPU.Build.0 = Release|Any CPU
		{16C06EA8-AE98-4757-832E-81520BA327DD}.Debug|Any CPU.ActiveCfg = Debug|Any CPU
		{16C06EA8-AE98-4757-832E-81520BA327DD}.Debug|Any CPU.Build.0 = Debug|Any CPU
		{16C06EA8-AE98-4757-832E-81520BA327DD}.Release|Any CPU.ActiveCfg = Release|Any CPU
		{16C06EA8-AE98-4757-832E-81520BA327DD}.Release|Any CPU.Build.0 = Release|Any CPU
		{44E87042-8756-4DC5-94EE-3487497F5FE0}.Debug|Any CPU.ActiveCfg = Debug|Any CPU
		{44E87042-8756-4DC5-94EE-3487497F5FE0}.Debug|Any CPU.Build.0 = Debug|Any CPU
		{44E87042-8756-4DC5-94EE-3487497F5FE0}.Release|Any CPU.ActiveCfg = Release|Any CPU
		{44E87042-8756-4DC5-94EE-3487497F5FE0}.Release|Any CPU.Build.0 = Release|Any CPU
		{48D66483-4793-43F3-91D5-040A1C9E0DDC}.Debug|Any CPU.ActiveCfg = Debug|Any CPU
		{48D66483-4793-43F3-91D5-040A1C9E0DDC}.Debug|Any CPU.Build.0 = Debug|Any CPU
		{48D66483-4793-43F3-91D5-040A1C9E0DDC}.Release|Any CPU.ActiveCfg = Release|Any CPU
		{48D66483-4793-43F3-91D5-040A1C9E0DDC}.Release|Any CPU.Build.0 = Release|Any CPU
		{8D661F5D-1314-44D2-9986-05C37FF5012B}.Debug|Any CPU.ActiveCfg = Debug|Any CPU
		{8D661F5D-1314-44D2-9986-05C37FF5012B}.Debug|Any CPU.Build.0 = Debug|Any CPU
		{8D661F5D-1314-44D2-9986-05C37FF5012B}.Release|Any CPU.ActiveCfg = Release|Any CPU
		{8D661F5D-1314-44D2-9986-05C37FF5012B}.Release|Any CPU.Build.0 = Release|Any CPU
		{2B3606FD-2F8A-4B66-8C2C-F13089156ED8}.Debug|Any CPU.ActiveCfg = Debug|Any CPU
		{2B3606FD-2F8A-4B66-8C2C-F13089156ED8}.Debug|Any CPU.Build.0 = Debug|Any CPU
		{2B3606FD-2F8A-4B66-8C2C-F13089156ED8}.Release|Any CPU.ActiveCfg = Release|Any CPU
		{2B3606FD-2F8A-4B66-8C2C-F13089156ED8}.Release|Any CPU.Build.0 = Release|Any CPU
		{809E59CA-4773-408E-BD3F-7620CFA43F98}.Debug|Any CPU.ActiveCfg = Debug|Any CPU
		{809E59CA-4773-408E-BD3F-7620CFA43F98}.Debug|Any CPU.Build.0 = Debug|Any CPU
		{809E59CA-4773-408E-BD3F-7620CFA43F98}.Release|Any CPU.ActiveCfg = Release|Any CPU
		{809E59CA-4773-408E-BD3F-7620CFA43F98}.Release|Any CPU.Build.0 = Release|Any CPU
		{CF7927DF-F303-4FD1-9716-7CBEC054E504}.Debug|Any CPU.ActiveCfg = Debug|Any CPU
		{CF7927DF-F303-4FD1-9716-7CBEC054E504}.Debug|Any CPU.Build.0 = Debug|Any CPU
		{CF7927DF-F303-4FD1-9716-7CBEC054E504}.Release|Any CPU.ActiveCfg = Release|Any CPU
		{CF7927DF-F303-4FD1-9716-7CBEC054E504}.Release|Any CPU.Build.0 = Release|Any CPU
		{9400D8FC-D8FD-4C7A-AE3E-64123B1AE5CD}.Debug|Any CPU.ActiveCfg = Debug|Any CPU
		{9400D8FC-D8FD-4C7A-AE3E-64123B1AE5CD}.Debug|Any CPU.Build.0 = Debug|Any CPU
		{9400D8FC-D8FD-4C7A-AE3E-64123B1AE5CD}.Release|Any CPU.ActiveCfg = Release|Any CPU
		{9400D8FC-D8FD-4C7A-AE3E-64123B1AE5CD}.Release|Any CPU.Build.0 = Release|Any CPU
		{B1FB59C1-198B-44A6-B145-32A433AF0D03}.Debug|Any CPU.ActiveCfg = Debug|Any CPU
		{B1FB59C1-198B-44A6-B145-32A433AF0D03}.Debug|Any CPU.Build.0 = Debug|Any CPU
		{B1FB59C1-198B-44A6-B145-32A433AF0D03}.Release|Any CPU.ActiveCfg = Release|Any CPU
		{B1FB59C1-198B-44A6-B145-32A433AF0D03}.Release|Any CPU.Build.0 = Release|Any CPU
		{B050D1B9-BEBD-4AF5-BF3D-13B0C573294F}.Debug|Any CPU.ActiveCfg = Debug|Any CPU
		{B050D1B9-BEBD-4AF5-BF3D-13B0C573294F}.Debug|Any CPU.Build.0 = Debug|Any CPU
		{B050D1B9-BEBD-4AF5-BF3D-13B0C573294F}.Release|Any CPU.ActiveCfg = Release|Any CPU
		{B050D1B9-BEBD-4AF5-BF3D-13B0C573294F}.Release|Any CPU.Build.0 = Release|Any CPU
		{315B08DF-49A3-4706-B14B-3CD5485B0311}.Debug|Any CPU.ActiveCfg = Debug|Any CPU
		{315B08DF-49A3-4706-B14B-3CD5485B0311}.Debug|Any CPU.Build.0 = Debug|Any CPU
		{315B08DF-49A3-4706-B14B-3CD5485B0311}.Release|Any CPU.ActiveCfg = Release|Any CPU
		{315B08DF-49A3-4706-B14B-3CD5485B0311}.Release|Any CPU.Build.0 = Release|Any CPU
		{81E54BC0-2DE6-43F4-8BED-3F1F3C318CB9}.Debug|Any CPU.ActiveCfg = Debug|Any CPU
		{81E54BC0-2DE6-43F4-8BED-3F1F3C318CB9}.Debug|Any CPU.Build.0 = Debug|Any CPU
		{81E54BC0-2DE6-43F4-8BED-3F1F3C318CB9}.Release|Any CPU.ActiveCfg = Release|Any CPU
		{81E54BC0-2DE6-43F4-8BED-3F1F3C318CB9}.Release|Any CPU.Build.0 = Release|Any CPU
		{0A42BDA6-1A71-421F-B4C8-C33F8B91BEA7}.Debug|Any CPU.ActiveCfg = Debug|Any CPU
		{0A42BDA6-1A71-421F-B4C8-C33F8B91BEA7}.Debug|Any CPU.Build.0 = Debug|Any CPU
		{0A42BDA6-1A71-421F-B4C8-C33F8B91BEA7}.Release|Any CPU.ActiveCfg = Release|Any CPU
		{0A42BDA6-1A71-421F-B4C8-C33F8B91BEA7}.Release|Any CPU.Build.0 = Release|Any CPU
		{08A9748B-B2FF-4686-B56A-2DE6979FC0E0}.Debug|Any CPU.ActiveCfg = Debug|Any CPU
		{08A9748B-B2FF-4686-B56A-2DE6979FC0E0}.Debug|Any CPU.Build.0 = Debug|Any CPU
		{08A9748B-B2FF-4686-B56A-2DE6979FC0E0}.Release|Any CPU.ActiveCfg = Release|Any CPU
		{08A9748B-B2FF-4686-B56A-2DE6979FC0E0}.Release|Any CPU.Build.0 = Release|Any CPU
		{99CC542E-5995-4484-B61A-8B04E95A089E}.Debug|Any CPU.ActiveCfg = Debug|Any CPU
		{99CC542E-5995-4484-B61A-8B04E95A089E}.Debug|Any CPU.Build.0 = Debug|Any CPU
		{99CC542E-5995-4484-B61A-8B04E95A089E}.Release|Any CPU.ActiveCfg = Release|Any CPU
		{99CC542E-5995-4484-B61A-8B04E95A089E}.Release|Any CPU.Build.0 = Release|Any CPU
		{05E25068-3CEF-42C8-BEA3-B028AA035FE0}.Debug|Any CPU.ActiveCfg = Debug|Any CPU
		{05E25068-3CEF-42C8-BEA3-B028AA035FE0}.Debug|Any CPU.Build.0 = Debug|Any CPU
		{05E25068-3CEF-42C8-BEA3-B028AA035FE0}.Release|Any CPU.ActiveCfg = Release|Any CPU
		{05E25068-3CEF-42C8-BEA3-B028AA035FE0}.Release|Any CPU.Build.0 = Release|Any CPU
		{522EF334-CD32-4507-BAED-FF71285D606A}.Debug|Any CPU.ActiveCfg = Debug|Any CPU
		{522EF334-CD32-4507-BAED-FF71285D606A}.Debug|Any CPU.Build.0 = Debug|Any CPU
		{522EF334-CD32-4507-BAED-FF71285D606A}.Release|Any CPU.ActiveCfg = Release|Any CPU
		{522EF334-CD32-4507-BAED-FF71285D606A}.Release|Any CPU.Build.0 = Release|Any CPU
	EndGlobalSection
	GlobalSection(SolutionProperties) = preSolution
		HideSolutionNode = FALSE
	EndGlobalSection
	GlobalSection(NestedProjects) = preSolution
		{4DAAE2D1-4354-4A40-8A0A-054D4B659E6C} = {EA8E080D-3293-41E3-9EFB-0634BF183A74}
		{145F7CCE-AD8B-45E7-AA81-CB76208A8649} = {EA8E080D-3293-41E3-9EFB-0634BF183A74}
		{9E0D9E75-AAB7-49B7-8996-DD5F58AEACAB} = {6090AB4E-BB44-4E49-B7B7-1CCBF2A49F8C}
		{F1F0AA04-045C-4C62-8EB0-A40AACBDC6A6} = {9E0D9E75-AAB7-49B7-8996-DD5F58AEACAB}
		{D3665DEF-F87D-470F-A1B1-F6FC97847C5F} = {6090AB4E-BB44-4E49-B7B7-1CCBF2A49F8C}
		{6542ACF9-9D90-4D6F-9BE5-A651EA51FB0B} = {D3665DEF-F87D-470F-A1B1-F6FC97847C5F}
		{2C8D0722-0AD1-4A84-9B92-892B258D41AE} = {6090AB4E-BB44-4E49-B7B7-1CCBF2A49F8C}
		{A1FE1009-81F0-45A6-841D-A97718C6FC6B} = {2C8D0722-0AD1-4A84-9B92-892B258D41AE}
		{6A853861-0096-4E27-8510-547F80216B68} = {2C8D0722-0AD1-4A84-9B92-892B258D41AE}
		{ABCE1B3C-57AC-42E6-A5F1-5B5A831A1C5F} = {34E07A3D-7586-4EC3-81CB-1A442B058A91}
		{D629565B-6F57-405D-A8B6-2EF7EDCF996A} = {27F4C42A-E0D9-46D3-83C8-CDA11DC3421C}
		{6302040D-AF4A-4445-A6AF-477ECAA5D720} = {27F4C42A-E0D9-46D3-83C8-CDA11DC3421C}
		{BD2A7137-4916-479E-A393-F5F78720FE43} = {6302040D-AF4A-4445-A6AF-477ECAA5D720}
		{F1B91A17-CDD7-41EB-9B5C-CFD63C349AFB} = {6302040D-AF4A-4445-A6AF-477ECAA5D720}
		{CF724D2F-6A4A-4BEC-A372-89B3C33E631D} = {95ECB356-6663-4810-8FA9-BDCB6CFAB62E}
		{FC2CCDB4-37DC-4576-B407-A805B5E93B0E} = {95ECB356-6663-4810-8FA9-BDCB6CFAB62E}
		{DA7EBD44-8D88-4509-B44A-F5519362328C} = {FC2CCDB4-37DC-4576-B407-A805B5E93B0E}
		{EC2BB037-4255-4303-8D87-E0C799E4ABB0} = {FC2CCDB4-37DC-4576-B407-A805B5E93B0E}
		{D913A007-84F6-4BF9-849D-6D61E61CBD68} = {2AF1E620-B7DC-44F1-BCA5-384D55C8C760}
		{8CF60BD5-9452-4534-BC2A-DD19EDF7B1EA} = {D913A007-84F6-4BF9-849D-6D61E61CBD68}
		{2F4ADF61-278E-4B4D-8DA5-AE39AEE03551} = {D913A007-84F6-4BF9-849D-6D61E61CBD68}
		{FEE1857A-B3C6-4154-9D98-A5887FC640E2} = {D913A007-84F6-4BF9-849D-6D61E61CBD68}
		{7A0F6D94-E2D2-45DC-B3AD-28FE49C28CAC} = {D913A007-84F6-4BF9-849D-6D61E61CBD68}
		{0B81C3AC-805A-4272-A607-E0F91A58C6BE} = {482616B1-D092-47BA-BDC8-D2EED5B63325}
		{299AE4C6-5E20-4585-941E-8BC433F6AC2D} = {482616B1-D092-47BA-BDC8-D2EED5B63325}
		{ADFED99D-D202-4905-BE48-50723EDF0071} = {299AE4C6-5E20-4585-941E-8BC433F6AC2D}
		{32275624-F401-42F2-8810-A8E0BD18B66E} = {299AE4C6-5E20-4585-941E-8BC433F6AC2D}
		{2EA1AF56-8120-4894-BF7F-053E6750AC2B} = {4FB646C0-BBA5-4FB8-B5A3-A55D643FF996}
		{1C92445F-BEF9-40B6-84AE-5DF6DEB2EB5C} = {4FB646C0-BBA5-4FB8-B5A3-A55D643FF996}
		{4A69C6E0-1BB4-439A-AECC-A7C34D8F21DD} = {4FB646C0-BBA5-4FB8-B5A3-A55D643FF996}
		{2BFACDC3-F44D-4199-8498-F5C3C4AC0335} = {896DB5D2-1223-467A-9021-D25C7E9E84D1}
		{F349D945-982B-4A1C-A862-B99666061A55} = {4FB646C0-BBA5-4FB8-B5A3-A55D643FF996}
		{213723C1-8525-48AB-9580-ACE7A7BBBB5B} = {4FB646C0-BBA5-4FB8-B5A3-A55D643FF996}
		{AE6B42F9-734F-4B39-9AA3-839DD419800B} = {2423A034-755E-430E-8C00-7CA2B43CBAE7}
		{57318CE0-8957-4376-B08C-D45BF0716E76} = {34E07A3D-7586-4EC3-81CB-1A442B058A91}
		{EEE76BA7-DBCB-4BFB-AD6B-BE0865EDAB57} = {2423A034-755E-430E-8C00-7CA2B43CBAE7}
		{8D60FEEC-9119-4890-8E2D-9A2AE9236873} = {EEE76BA7-DBCB-4BFB-AD6B-BE0865EDAB57}
		{4B12783B-A6B5-4529-B1F9-1442A3E60EF0} = {34E07A3D-7586-4EC3-81CB-1A442B058A91}
		{9629460F-6875-4F78-AFFB-A5FD0F63E783} = {743AD6EB-FE02-4649-95D3-85133AA06F87}
		{E461C0A8-8900-485C-B520-E929BA33F712} = {896DB5D2-1223-467A-9021-D25C7E9E84D1}
		{471AA084-D58E-4A0B-AEE0-930320252B2F} = {474E20BA-B596-4D34-B00F-D2B81A313096}
		{FD4636F8-F9C6-49FB-95EF-6C384629A7D9} = {474E20BA-B596-4D34-B00F-D2B81A313096}
		{432C1687-01C1-4B14-AA19-D37ECE450EE5} = {FD4636F8-F9C6-49FB-95EF-6C384629A7D9}
		{16C06EA8-AE98-4757-832E-81520BA327DD} = {474E20BA-B596-4D34-B00F-D2B81A313096}
		{44E87042-8756-4DC5-94EE-3487497F5FE0} = {2839EB22-FB95-48F5-91AD-5E913349D044}
		{48D66483-4793-43F3-91D5-040A1C9E0DDC} = {2839EB22-FB95-48F5-91AD-5E913349D044}
		{8D661F5D-1314-44D2-9986-05C37FF5012B} = {2839EB22-FB95-48F5-91AD-5E913349D044}
		{2B3606FD-2F8A-4B66-8C2C-F13089156ED8} = {34E07A3D-7586-4EC3-81CB-1A442B058A91}
		{809E59CA-4773-408E-BD3F-7620CFA43F98} = {7ABA99D7-34FC-49B9-98B8-147F5619515C}
		{CF7927DF-F303-4FD1-9716-7CBEC054E504} = {34E07A3D-7586-4EC3-81CB-1A442B058A91}
		{9400D8FC-D8FD-4C7A-AE3E-64123B1AE5CD} = {F0D7C1FE-9C5F-4FB6-90E7-C47F5825C75F}
		{F9914E73-B6DD-4B57-ABD4-28BA01948EE7} = {F0D7C1FE-9C5F-4FB6-90E7-C47F5825C75F}
		{B1FB59C1-198B-44A6-B145-32A433AF0D03} = {F9914E73-B6DD-4B57-ABD4-28BA01948EE7}
		{B050D1B9-BEBD-4AF5-BF3D-13B0C573294F} = {4B90F240-C1FD-4078-A5B7-20E866E13C3D}
		{315B08DF-49A3-4706-B14B-3CD5485B0311} = {4B90F240-C1FD-4078-A5B7-20E866E13C3D}
		{81E54BC0-2DE6-43F4-8BED-3F1F3C318CB9} = {D7D9ECE3-08EE-4478-8C5C-F803DB04D30D}
		{0A42BDA6-1A71-421F-B4C8-C33F8B91BEA7} = {D7D9ECE3-08EE-4478-8C5C-F803DB04D30D}
		{82E16257-38B0-4240-AE4A-493AD32AACA2} = {D7D9ECE3-08EE-4478-8C5C-F803DB04D30D}
		{7FBC5D5E-E9F0-4771-8001-4AD4BE55713A} = {D7D9ECE3-08EE-4478-8C5C-F803DB04D30D}
		{08A9748B-B2FF-4686-B56A-2DE6979FC0E0} = {7FBC5D5E-E9F0-4771-8001-4AD4BE55713A}
		{99CC542E-5995-4484-B61A-8B04E95A089E} = {82E16257-38B0-4240-AE4A-493AD32AACA2}
		{05E25068-3CEF-42C8-BEA3-B028AA035FE0} = {82E16257-38B0-4240-AE4A-493AD32AACA2}
		{522EF334-CD32-4507-BAED-FF71285D606A} = {82E16257-38B0-4240-AE4A-493AD32AACA2}
	EndGlobalSection
	GlobalSection(ExtensibilityGlobals) = postSolution
		SolutionGuid = {FA2E5DC5-8A1C-40E2-ADB5-7F2D97BC58F7}
	EndGlobalSection
EndGlobal
