
Microsoft Visual Studio Solution File, Format Version 12.00
# Visual Studio Version 17
VisualStudioVersion = 17.12.35527.113
MinimumVisualStudioVersion = 10.0.40219.1
Project("{FAE04EC0-301F-11D3-BF4B-00C04F79EFBC}") = "TravalApp", "TravalApp\TravalApp.csproj", "{855A7CFF-71DD-4A90-9AD6-541E062F343E}"
EndProject
Project("{FAE04EC0-301F-11D3-BF4B-00C04F79EFBC}") = "TravalApp.1", "..\TravalApp.1\TravalApp.1.csproj", "{83D2A78D-AC22-4CEA-9084-CEE5A718E453}"
EndProject
Global
	GlobalSection(SolutionConfigurationPlatforms) = preSolution
		Debug|Any CPU = Debug|Any CPU
		Release|Any CPU = Release|Any CPU
	EndGlobalSection
	GlobalSection(ProjectConfigurationPlatforms) = postSolution
		{855A7CFF-71DD-4A90-9AD6-541E062F343E}.Debug|Any CPU.ActiveCfg = Debug|Any CPU
		{855A7CFF-71DD-4A90-9AD6-541E062F343E}.Debug|Any CPU.Build.0 = Debug|Any CPU
		{855A7CFF-71DD-4A90-9AD6-541E062F343E}.Release|Any CPU.ActiveCfg = Release|Any CPU
		{855A7CFF-71DD-4A90-9AD6-541E062F343E}.Release|Any CPU.Build.0 = Release|Any CPU
		{83D2A78D-AC22-4CEA-9084-CEE5A718E453}.Debug|Any CPU.ActiveCfg = Debug|Any CPU
		{83D2A78D-AC22-4CEA-9084-CEE5A718E453}.Debug|Any CPU.Build.0 = Debug|Any CPU
		{83D2A78D-AC22-4CEA-9084-CEE5A718E453}.Release|Any CPU.ActiveCfg = Release|Any CPU
		{83D2A78D-AC22-4CEA-9084-CEE5A718E453}.Release|Any CPU.Build.0 = Release|Any CPU
	EndGlobalSection
	GlobalSection(SolutionProperties) = preSolution
		HideSolutionNode = FALSE
	EndGlobalSection
EndGlobal
